
Microsoft Visual Studio Solution File, Format Version 12.00
# Visual Studio 15
Project("{FAE04EC0-301F-11D3-BF4B-00C04F79EFBC}") = "Assembly-CSharp", "Assembly-CSharp.csproj", "{DA9F1A2F-D389-AAE4-EA9A-675B7E27244E}"
EndProject
Project("{FAE04EC0-301F-11D3-BF4B-00C04F79EFBC}") = "Assembly-CSharp-Editor", "Assembly-CSharp-Editor.csproj", "{47C9E19C-B283-6000-6B08-7DFB2DD1A456}"
EndProject
Global
	GlobalSection(SolutionConfigurationPlatforms) = preSolution
		Debug|Any CPU = Debug|Any CPU
		Release|Any CPU = Release|Any CPU
	EndGlobalSection
	GlobalSection(ProjectConfigurationPlatforms) = postSolution
		{DA9F1A2F-D389-AAE4-EA9A-675B7E27244E}.Debug|Any CPU.ActiveCfg = Debug|Any CPU
		{DA9F1A2F-D389-AAE4-EA9A-675B7E27244E}.Debug|Any CPU.Build.0 = Debug|Any CPU
		{DA9F1A2F-D389-AAE4-EA9A-675B7E27244E}.Release|Any CPU.ActiveCfg = Release|Any CPU
		{DA9F1A2F-D389-AAE4-EA9A-675B7E27244E}.Release|Any CPU.Build.0 = Release|Any CPU
		{47C9E19C-B283-6000-6B08-7DFB2DD1A456}.Debug|Any CPU.ActiveCfg = Debug|Any CPU
		{47C9E19C-B283-6000-6B08-7DFB2DD1A456}.Debug|Any CPU.Build.0 = Debug|Any CPU
		{47C9E19C-B283-6000-6B08-7DFB2DD1A456}.Release|Any CPU.ActiveCfg = Release|Any CPU
		{47C9E19C-B283-6000-6B08-7DFB2DD1A456}.Release|Any CPU.Build.0 = Release|Any CPU
	EndGlobalSection
	GlobalSection(SolutionProperties) = preSolution
		HideSolutionNode = FALSE
	EndGlobalSection
EndGlobal
